// !$*UTF8*$!
{
	archiveVersion = 1;
	classes = {
	};
	objectVersion = 55;
	objects = {

/* Begin PBXBuildFile section */
		1F6724A62864EAD500362A35 /* SearchResultViewController.swift in Sources */ = {isa = PBXBuildFile; fileRef = 1F6724A52864EAD500362A35 /* SearchResultViewController.swift */; };
		1F6724AA2864EC6B00362A35 /* BaseViewController.swift in Sources */ = {isa = PBXBuildFile; fileRef = 1F6724A92864EC6B00362A35 /* BaseViewController.swift */; };
		1F6724AC2864F6F500362A35 /* SearchResultTableViewCell.swift in Sources */ = {isa = PBXBuildFile; fileRef = 1F6724AB2864F6F500362A35 /* SearchResultTableViewCell.swift */; };
		1F6724AE2864F77400362A35 /* ImageView.swift in Sources */ = {isa = PBXBuildFile; fileRef = 1F6724AD2864F77400362A35 /* ImageView.swift */; };
		1F6724B028652AB300362A35 /* SearchResult+TABLEVIEW.swift in Sources */ = {isa = PBXBuildFile; fileRef = 1F6724AF28652AB300362A35 /* SearchResult+TABLEVIEW.swift */; };
		1F6724B228652AFB00362A35 /* Search+SEARCHBAR.swift in Sources */ = {isa = PBXBuildFile; fileRef = 1F6724B128652AFB00362A35 /* Search+SEARCHBAR.swift */; };
		1F6724B52865913200362A35 /* MovieDetailViewController.swift in Sources */ = {isa = PBXBuildFile; fileRef = 1F6724B42865913200362A35 /* MovieDetailViewController.swift */; };
		1F6724B72865938A00362A35 /* MovieDetail.swift in Sources */ = {isa = PBXBuildFile; fileRef = 1F6724B62865938A00362A35 /* MovieDetail.swift */; };
		1F6724BA2865948B00362A35 /* MovieDetailManager.swift in Sources */ = {isa = PBXBuildFile; fileRef = 1F6724B92865948B00362A35 /* MovieDetailManager.swift */; };
		1F6724BD2865956A00362A35 /* Constants.swift in Sources */ = {isa = PBXBuildFile; fileRef = 1F6724BC2865956A00362A35 /* Constants.swift */; };
		1F6724BF2865973A00362A35 /* Stackview.swift in Sources */ = {isa = PBXBuildFile; fileRef = 1F6724BE2865973A00362A35 /* Stackview.swift */; };
		1F6724C128665F4000362A35 /* Alerts.swift in Sources */ = {isa = PBXBuildFile; fileRef = 1F6724C028665F4000362A35 /* Alerts.swift */; };
		1F6724C628666AB800362A35 /* Hero in Frameworks */ = {isa = PBXBuildFile; productRef = 1F6724C528666AB800362A35 /* Hero */; };
		1F9C4756286456AE002537E1 /* SearchViewModel.swift in Sources */ = {isa = PBXBuildFile; fileRef = 1F9C4755286456AE002537E1 /* SearchViewModel.swift */; };
		1FFF83D228639D8D00E2FCC5 /* AppDelegate.swift in Sources */ = {isa = PBXBuildFile; fileRef = 1FFF83D128639D8D00E2FCC5 /* AppDelegate.swift */; };
		1FFF83D428639D8D00E2FCC5 /* SceneDelegate.swift in Sources */ = {isa = PBXBuildFile; fileRef = 1FFF83D328639D8D00E2FCC5 /* SceneDelegate.swift */; };
		1FFF83D628639D8D00E2FCC5 /* SearchViewController.swift in Sources */ = {isa = PBXBuildFile; fileRef = 1FFF83D528639D8D00E2FCC5 /* SearchViewController.swift */; };
		1FFF83DC28639D8D00E2FCC5 /* searchMovieProject.xcdatamodeld in Sources */ = {isa = PBXBuildFile; fileRef = 1FFF83DA28639D8D00E2FCC5 /* searchMovieProject.xcdatamodeld */; };
		1FFF83DE28639D8F00E2FCC5 /* Assets.xcassets in Resources */ = {isa = PBXBuildFile; fileRef = 1FFF83DD28639D8F00E2FCC5 /* Assets.xcassets */; };
		1FFF83E128639D8F00E2FCC5 /* LaunchScreen.storyboard in Resources */ = {isa = PBXBuildFile; fileRef = 1FFF83DF28639D8F00E2FCC5 /* LaunchScreen.storyboard */; };
		1FFF83F02863A26D00E2FCC5 /* SnapKit in Frameworks */ = {isa = PBXBuildFile; productRef = 1FFF83EF2863A26D00E2FCC5 /* SnapKit */; };
		1FFF83F32863A29600E2FCC5 /* Alamofire in Frameworks */ = {isa = PBXBuildFile; productRef = 1FFF83F22863A29600E2FCC5 /* Alamofire */; };
		1FFF83F62863A2CC00E2FCC5 /* Kingfisher in Frameworks */ = {isa = PBXBuildFile; productRef = 1FFF83F52863A2CC00E2FCC5 /* Kingfisher */; };
		1FFF83F92863A5E700E2FCC5 /* ColorExtension.swift in Sources */ = {isa = PBXBuildFile; fileRef = 1FFF83F82863A5E700E2FCC5 /* ColorExtension.swift */; };
		1FFF83FD2863ADFC00E2FCC5 /* Label.swift in Sources */ = {isa = PBXBuildFile; fileRef = 1FFF83FC2863ADFC00E2FCC5 /* Label.swift */; };
		1FFF83FF2863AF8A00E2FCC5 /* MovieAPIManager.swift in Sources */ = {isa = PBXBuildFile; fileRef = 1FFF83FE2863AF8A00E2FCC5 /* MovieAPIManager.swift */; };
		1FFF84022863B3DC00E2FCC5 /* Movie.swift in Sources */ = {isa = PBXBuildFile; fileRef = 1FFF84012863B3DC00E2FCC5 /* Movie.swift */; };
/* End PBXBuildFile section */

/* Begin PBXFileReference section */
		1F6724A52864EAD500362A35 /* SearchResultViewController.swift */ = {isa = PBXFileReference; lastKnownFileType = sourcecode.swift; path = SearchResultViewController.swift; sourceTree = "<group>"; };
		1F6724A92864EC6B00362A35 /* BaseViewController.swift */ = {isa = PBXFileReference; lastKnownFileType = sourcecode.swift; path = BaseViewController.swift; sourceTree = "<group>"; };
		1F6724AB2864F6F500362A35 /* SearchResultTableViewCell.swift */ = {isa = PBXFileReference; lastKnownFileType = sourcecode.swift; path = SearchResultTableViewCell.swift; sourceTree = "<group>"; };
		1F6724AD2864F77400362A35 /* ImageView.swift */ = {isa = PBXFileReference; lastKnownFileType = sourcecode.swift; path = ImageView.swift; sourceTree = "<group>"; };
		1F6724AF28652AB300362A35 /* SearchResult+TABLEVIEW.swift */ = {isa = PBXFileReference; lastKnownFileType = sourcecode.swift; path = "SearchResult+TABLEVIEW.swift"; sourceTree = "<group>"; };
		1F6724B128652AFB00362A35 /* Search+SEARCHBAR.swift */ = {isa = PBXFileReference; lastKnownFileType = sourcecode.swift; path = "Search+SEARCHBAR.swift"; sourceTree = "<group>"; };
		1F6724B42865913200362A35 /* MovieDetailViewController.swift */ = {isa = PBXFileReference; lastKnownFileType = sourcecode.swift; path = MovieDetailViewController.swift; sourceTree = "<group>"; };
		1F6724B62865938A00362A35 /* MovieDetail.swift */ = {isa = PBXFileReference; lastKnownFileType = sourcecode.swift; path = MovieDetail.swift; sourceTree = "<group>"; };
		1F6724B92865948B00362A35 /* MovieDetailManager.swift */ = {isa = PBXFileReference; lastKnownFileType = sourcecode.swift; path = MovieDetailManager.swift; sourceTree = "<group>"; };
		1F6724BC2865956A00362A35 /* Constants.swift */ = {isa = PBXFileReference; lastKnownFileType = sourcecode.swift; path = Constants.swift; sourceTree = "<group>"; };
		1F6724BE2865973A00362A35 /* Stackview.swift */ = {isa = PBXFileReference; lastKnownFileType = sourcecode.swift; path = Stackview.swift; sourceTree = "<group>"; };
		1F6724C028665F4000362A35 /* Alerts.swift */ = {isa = PBXFileReference; lastKnownFileType = sourcecode.swift; path = Alerts.swift; sourceTree = "<group>"; };
		1F9C4755286456AE002537E1 /* SearchViewModel.swift */ = {isa = PBXFileReference; lastKnownFileType = sourcecode.swift; path = SearchViewModel.swift; sourceTree = "<group>"; };
		1FFF83CE28639D8D00E2FCC5 /* searchMovieProject.app */ = {isa = PBXFileReference; explicitFileType = wrapper.application; includeInIndex = 0; path = searchMovieProject.app; sourceTree = BUILT_PRODUCTS_DIR; };
		1FFF83D128639D8D00E2FCC5 /* AppDelegate.swift */ = {isa = PBXFileReference; lastKnownFileType = sourcecode.swift; path = AppDelegate.swift; sourceTree = "<group>"; };
		1FFF83D328639D8D00E2FCC5 /* SceneDelegate.swift */ = {isa = PBXFileReference; lastKnownFileType = sourcecode.swift; path = SceneDelegate.swift; sourceTree = "<group>"; };
		1FFF83D528639D8D00E2FCC5 /* SearchViewController.swift */ = {isa = PBXFileReference; lastKnownFileType = sourcecode.swift; path = SearchViewController.swift; sourceTree = "<group>"; };
		1FFF83DB28639D8D00E2FCC5 /* searchMovieProject.xcdatamodel */ = {isa = PBXFileReference; lastKnownFileType = wrapper.xcdatamodel; path = searchMovieProject.xcdatamodel; sourceTree = "<group>"; };
		1FFF83DD28639D8F00E2FCC5 /* Assets.xcassets */ = {isa = PBXFileReference; lastKnownFileType = folder.assetcatalog; path = Assets.xcassets; sourceTree = "<group>"; };
		1FFF83E028639D8F00E2FCC5 /* Base */ = {isa = PBXFileReference; lastKnownFileType = file.storyboard; name = Base; path = Base.lproj/LaunchScreen.storyboard; sourceTree = "<group>"; };
		1FFF83E228639D8F00E2FCC5 /* Info.plist */ = {isa = PBXFileReference; lastKnownFileType = text.plist.xml; path = Info.plist; sourceTree = "<group>"; };
		1FFF83F82863A5E700E2FCC5 /* ColorExtension.swift */ = {isa = PBXFileReference; lastKnownFileType = sourcecode.swift; path = ColorExtension.swift; sourceTree = "<group>"; };
		1FFF83FC2863ADFC00E2FCC5 /* Label.swift */ = {isa = PBXFileReference; lastKnownFileType = sourcecode.swift; path = Label.swift; sourceTree = "<group>"; };
		1FFF83FE2863AF8A00E2FCC5 /* MovieAPIManager.swift */ = {isa = PBXFileReference; lastKnownFileType = sourcecode.swift; path = MovieAPIManager.swift; sourceTree = "<group>"; };
		1FFF84012863B3DC00E2FCC5 /* Movie.swift */ = {isa = PBXFileReference; lastKnownFileType = sourcecode.swift; path = Movie.swift; sourceTree = "<group>"; };
/* End PBXFileReference section */

/* Begin PBXFrameworksBuildPhase section */
		1FFF83CB28639D8D00E2FCC5 /* Frameworks */ = {
			isa = PBXFrameworksBuildPhase;
			buildActionMask = 2147483647;
			files = (
				1FFF83F62863A2CC00E2FCC5 /* Kingfisher in Frameworks */,
				1FFF83F02863A26D00E2FCC5 /* SnapKit in Frameworks */,
				1F6724C628666AB800362A35 /* Hero in Frameworks */,
				1FFF83F32863A29600E2FCC5 /* Alamofire in Frameworks */,
			);
			runOnlyForDeploymentPostprocessing = 0;
		};
/* End PBXFrameworksBuildPhase section */

/* Begin PBXGroup section */
		1F6724A72864EC3900362A35 /* SearchResult */ = {
			isa = PBXGroup;
			children = (
				1F6724A52864EAD500362A35 /* SearchResultViewController.swift */,
				1F6724AB2864F6F500362A35 /* SearchResultTableViewCell.swift */,
				1F9C4755286456AE002537E1 /* SearchViewModel.swift */,
				1F6724AF28652AB300362A35 /* SearchResult+TABLEVIEW.swift */,
			);
			path = SearchResult;
			sourceTree = "<group>";
		};
		1F6724A82864EC5C00362A35 /* Base */ = {
			isa = PBXGroup;
			children = (
				1F6724A92864EC6B00362A35 /* BaseViewController.swift */,
			);
			path = Base;
			sourceTree = "<group>";
		};
		1F6724B32865910B00362A35 /* MovieDetail */ = {
			isa = PBXGroup;
			children = (
				1F6724B42865913200362A35 /* MovieDetailViewController.swift */,
			);
			path = MovieDetail;
			sourceTree = "<group>";
		};
		1F6724B82865947800362A35 /* MovieDetail */ = {
			isa = PBXGroup;
			children = (
				1F6724B92865948B00362A35 /* MovieDetailManager.swift */,
			);
			path = MovieDetail;
			sourceTree = "<group>";
		};
		1F9C47522864565D002537E1 /* Search */ = {
			isa = PBXGroup;
			children = (
				1FFF83D528639D8D00E2FCC5 /* SearchViewController.swift */,
				1F6724B128652AFB00362A35 /* Search+SEARCHBAR.swift */,
			);
			path = Search;
			sourceTree = "<group>";
		};
		1F9C4759286482ED002537E1 /* Movie */ = {
			isa = PBXGroup;
			children = (
				1FFF83FE2863AF8A00E2FCC5 /* MovieAPIManager.swift */,
			);
			path = Movie;
			sourceTree = "<group>";
		};
		1FFF83C528639D8D00E2FCC5 = {
			isa = PBXGroup;
			children = (
				1FFF83D028639D8D00E2FCC5 /* searchMovieProject */,
				1FFF83CF28639D8D00E2FCC5 /* Products */,
			);
			sourceTree = "<group>";
		};
		1FFF83CF28639D8D00E2FCC5 /* Products */ = {
			isa = PBXGroup;
			children = (
				1FFF83CE28639D8D00E2FCC5 /* searchMovieProject.app */,
			);
			name = Products;
			sourceTree = "<group>";
		};
		1FFF83D028639D8D00E2FCC5 /* searchMovieProject */ = {
			isa = PBXGroup;
			children = (
				1FFF83E828639F8F00E2FCC5 /* App */,
				1FFF83E928639F9500E2FCC5 /* Manager */,
				1FFF84002863B3CD00E2FCC5 /* Models */,
				1FFF83EA28639F9C00E2FCC5 /* Resources */,
				1FFF83EB28639FA900E2FCC5 /* Scenes */,
				1FFF83EC28639FAE00E2FCC5 /* Utilities */,
				1FFF83ED28639FB500E2FCC5 /* View */,
				1FFF83E228639D8F00E2FCC5 /* Info.plist */,
			);
			path = searchMovieProject;
			sourceTree = "<group>";
		};
		1FFF83E828639F8F00E2FCC5 /* App */ = {
			isa = PBXGroup;
			children = (
				1FFF83D128639D8D00E2FCC5 /* AppDelegate.swift */,
				1FFF83D328639D8D00E2FCC5 /* SceneDelegate.swift */,
			);
			path = App;
			sourceTree = "<group>";
		};
		1FFF83E928639F9500E2FCC5 /* Manager */ = {
			isa = PBXGroup;
			children = (
				1F6724B82865947800362A35 /* MovieDetail */,
				1F9C4759286482ED002537E1 /* Movie */,
			);
			path = Manager;
			sourceTree = "<group>";
		};
		1FFF83EA28639F9C00E2FCC5 /* Resources */ = {
			isa = PBXGroup;
			children = (
				1FFF83DD28639D8F00E2FCC5 /* Assets.xcassets */,
				1FFF83DA28639D8D00E2FCC5 /* searchMovieProject.xcdatamodeld */,
			);
			path = Resources;
			sourceTree = "<group>";
		};
		1FFF83EB28639FA900E2FCC5 /* Scenes */ = {
			isa = PBXGroup;
			children = (
				1F6724B32865910B00362A35 /* MovieDetail */,
				1F6724A72864EC3900362A35 /* SearchResult */,
				1F9C47522864565D002537E1 /* Search */,
			);
			path = Scenes;
			sourceTree = "<group>";
		};
		1FFF83EC28639FAE00E2FCC5 /* Utilities */ = {
			isa = PBXGroup;
			children = (
				1FFF83FA2863A76400E2FCC5 /* Extensions */,
				1F6724BC2865956A00362A35 /* Constants.swift */,
			);
			path = Utilities;
			sourceTree = "<group>";
		};
		1FFF83ED28639FB500E2FCC5 /* View */ = {
			isa = PBXGroup;
			children = (
				1F6724A82864EC5C00362A35 /* Base */,
				1FFF83FB2863A84600E2FCC5 /* Views */,
				1FFF83DF28639D8F00E2FCC5 /* LaunchScreen.storyboard */,
			);
			path = View;
			sourceTree = "<group>";
		};
		1FFF83FA2863A76400E2FCC5 /* Extensions */ = {
			isa = PBXGroup;
			children = (
				1FFF83F82863A5E700E2FCC5 /* ColorExtension.swift */,
			);
			path = Extensions;
			sourceTree = "<group>";
		};
		1FFF83FB2863A84600E2FCC5 /* Views */ = {
			isa = PBXGroup;
			children = (
				1FFF83FC2863ADFC00E2FCC5 /* Label.swift */,
				1F6724AD2864F77400362A35 /* ImageView.swift */,
				1F6724BE2865973A00362A35 /* Stackview.swift */,
				1F6724C028665F4000362A35 /* Alerts.swift */,
			);
			path = Views;
			sourceTree = "<group>";
		};
		1FFF84002863B3CD00E2FCC5 /* Models */ = {
			isa = PBXGroup;
			children = (
				1FFF84012863B3DC00E2FCC5 /* Movie.swift */,
				1F6724B62865938A00362A35 /* MovieDetail.swift */,
			);
			path = Models;
			sourceTree = "<group>";
		};
/* End PBXGroup section */

/* Begin PBXNativeTarget section */
		1FFF83CD28639D8D00E2FCC5 /* searchMovieProject */ = {
			isa = PBXNativeTarget;
			buildConfigurationList = 1FFF83E528639D8F00E2FCC5 /* Build configuration list for PBXNativeTarget "searchMovieProject" */;
			buildPhases = (
				1FFF83CA28639D8D00E2FCC5 /* Sources */,
				1FFF83CB28639D8D00E2FCC5 /* Frameworks */,
				1FFF83CC28639D8D00E2FCC5 /* Resources */,
				1FFF83F72863A37200E2FCC5 /* ShellScript */,
			);
			buildRules = (
			);
			dependencies = (
			);
			name = searchMovieProject;
			packageProductDependencies = (
				1FFF83EF2863A26D00E2FCC5 /* SnapKit */,
				1FFF83F22863A29600E2FCC5 /* Alamofire */,
				1FFF83F52863A2CC00E2FCC5 /* Kingfisher */,
				1F6724C528666AB800362A35 /* Hero */,
			);
			productName = searchMovieProject;
			productReference = 1FFF83CE28639D8D00E2FCC5 /* searchMovieProject.app */;
			productType = "com.apple.product-type.application";
		};
/* End PBXNativeTarget section */

/* Begin PBXProject section */
		1FFF83C628639D8D00E2FCC5 /* Project object */ = {
			isa = PBXProject;
			attributes = {
				BuildIndependentTargetsInParallel = 1;
				LastSwiftUpdateCheck = 1330;
				LastUpgradeCheck = 1330;
				TargetAttributes = {
					1FFF83CD28639D8D00E2FCC5 = {
						CreatedOnToolsVersion = 13.3;
					};
				};
			};
			buildConfigurationList = 1FFF83C928639D8D00E2FCC5 /* Build configuration list for PBXProject "searchMovieProject" */;
			compatibilityVersion = "Xcode 13.0";
			developmentRegion = en;
			hasScannedForEncodings = 0;
			knownRegions = (
				en,
				Base,
			);
			mainGroup = 1FFF83C528639D8D00E2FCC5;
			packageReferences = (
				1FFF83EE2863A26D00E2FCC5 /* XCRemoteSwiftPackageReference "SnapKit" */,
				1FFF83F12863A29600E2FCC5 /* XCRemoteSwiftPackageReference "Alamofire" */,
				1FFF83F42863A2CC00E2FCC5 /* XCRemoteSwiftPackageReference "Kingfisher" */,
				1F6724C428666AB800362A35 /* XCRemoteSwiftPackageReference "Hero" */,
			);
			productRefGroup = 1FFF83CF28639D8D00E2FCC5 /* Products */;
			projectDirPath = "";
			projectRoot = "";
			targets = (
				1FFF83CD28639D8D00E2FCC5 /* searchMovieProject */,
			);
		};
/* End PBXProject section */

/* Begin PBXResourcesBuildPhase section */
		1FFF83CC28639D8D00E2FCC5 /* Resources */ = {
			isa = PBXResourcesBuildPhase;
			buildActionMask = 2147483647;
			files = (
				1FFF83E128639D8F00E2FCC5 /* LaunchScreen.storyboard in Resources */,
				1FFF83DE28639D8F00E2FCC5 /* Assets.xcassets in Resources */,
			);
			runOnlyForDeploymentPostprocessing = 0;
		};
/* End PBXResourcesBuildPhase section */

/* Begin PBXShellScriptBuildPhase section */
		1FFF83F72863A37200E2FCC5 /* ShellScript */ = {
			isa = PBXShellScriptBuildPhase;
			buildActionMask = 2147483647;
			files = (
			);
			inputFileListPaths = (
			);
			inputPaths = (
			);
			outputFileListPaths = (
			);
			outputPaths = (
			);
			runOnlyForDeploymentPostprocessing = 0;
			shellPath = /bin/sh;
			shellScript = "export PATH=\"$PATH:/opt/homebrew/bin\"\n\nif which swiftlint > /dev/null; then\n  swiftlint --format --fix && swiftlint\nelse\n  echo \"warning: SwiftLint not installed, download from https://github.com/realm/SwiftLint\"\nfi\n";
		};
/* End PBXShellScriptBuildPhase section */

/* Begin PBXSourcesBuildPhase section */
		1FFF83CA28639D8D00E2FCC5 /* Sources */ = {
			isa = PBXSourcesBuildPhase;
			buildActionMask = 2147483647;
			files = (
				1FFF83DC28639D8D00E2FCC5 /* searchMovieProject.xcdatamodeld in Sources */,
				1F6724BD2865956A00362A35 /* Constants.swift in Sources */,
				1FFF83D628639D8D00E2FCC5 /* SearchViewController.swift in Sources */,
				1FFF83FD2863ADFC00E2FCC5 /* Label.swift in Sources */,
				1FFF83D228639D8D00E2FCC5 /* AppDelegate.swift in Sources */,
				1FFF83D428639D8D00E2FCC5 /* SceneDelegate.swift in Sources */,
				1F6724AA2864EC6B00362A35 /* BaseViewController.swift in Sources */,
				1F6724B228652AFB00362A35 /* Search+SEARCHBAR.swift in Sources */,
				1FFF83FF2863AF8A00E2FCC5 /* MovieAPIManager.swift in Sources */,
				1F9C4756286456AE002537E1 /* SearchViewModel.swift in Sources */,
				1F6724BA2865948B00362A35 /* MovieDetailManager.swift in Sources */,
				1F6724BF2865973A00362A35 /* Stackview.swift in Sources */,
				1F6724A62864EAD500362A35 /* SearchResultViewController.swift in Sources */,
				1FFF84022863B3DC00E2FCC5 /* Movie.swift in Sources */,
				1F6724AC2864F6F500362A35 /* SearchResultTableViewCell.swift in Sources */,
				1F6724B52865913200362A35 /* MovieDetailViewController.swift in Sources */,
				1F6724AE2864F77400362A35 /* ImageView.swift in Sources */,
				1F6724B72865938A00362A35 /* MovieDetail.swift in Sources */,
				1F6724B028652AB300362A35 /* SearchResult+TABLEVIEW.swift in Sources */,
				1F6724C128665F4000362A35 /* Alerts.swift in Sources */,
				1FFF83F92863A5E700E2FCC5 /* ColorExtension.swift in Sources */,
			);
			runOnlyForDeploymentPostprocessing = 0;
		};
/* End PBXSourcesBuildPhase section */

/* Begin PBXVariantGroup section */
		1FFF83DF28639D8F00E2FCC5 /* LaunchScreen.storyboard */ = {
			isa = PBXVariantGroup;
			children = (
				1FFF83E028639D8F00E2FCC5 /* Base */,
			);
			name = LaunchScreen.storyboard;
			sourceTree = "<group>";
		};
/* End PBXVariantGroup section */

/* Begin XCBuildConfiguration section */
		1FFF83E328639D8F00E2FCC5 /* Debug */ = {
			isa = XCBuildConfiguration;
			buildSettings = {
				ALWAYS_SEARCH_USER_PATHS = NO;
				CLANG_ANALYZER_NONNULL = YES;
				CLANG_ANALYZER_NUMBER_OBJECT_CONVERSION = YES_AGGRESSIVE;
				CLANG_CXX_LANGUAGE_STANDARD = "gnu++17";
				CLANG_ENABLE_MODULES = YES;
				CLANG_ENABLE_OBJC_ARC = YES;
				CLANG_ENABLE_OBJC_WEAK = YES;
				CLANG_WARN_BLOCK_CAPTURE_AUTORELEASING = YES;
				CLANG_WARN_BOOL_CONVERSION = YES;
				CLANG_WARN_COMMA = YES;
				CLANG_WARN_CONSTANT_CONVERSION = YES;
				CLANG_WARN_DEPRECATED_OBJC_IMPLEMENTATIONS = YES;
				CLANG_WARN_DIRECT_OBJC_ISA_USAGE = YES_ERROR;
				CLANG_WARN_DOCUMENTATION_COMMENTS = YES;
				CLANG_WARN_EMPTY_BODY = YES;
				CLANG_WARN_ENUM_CONVERSION = YES;
				CLANG_WARN_INFINITE_RECURSION = YES;
				CLANG_WARN_INT_CONVERSION = YES;
				CLANG_WARN_NON_LITERAL_NULL_CONVERSION = YES;
				CLANG_WARN_OBJC_IMPLICIT_RETAIN_SELF = YES;
				CLANG_WARN_OBJC_LITERAL_CONVERSION = YES;
				CLANG_WARN_OBJC_ROOT_CLASS = YES_ERROR;
				CLANG_WARN_QUOTED_INCLUDE_IN_FRAMEWORK_HEADER = YES;
				CLANG_WARN_RANGE_LOOP_ANALYSIS = YES;
				CLANG_WARN_STRICT_PROTOTYPES = YES;
				CLANG_WARN_SUSPICIOUS_MOVE = YES;
				CLANG_WARN_UNGUARDED_AVAILABILITY = YES_AGGRESSIVE;
				CLANG_WARN_UNREACHABLE_CODE = YES;
				CLANG_WARN__DUPLICATE_METHOD_MATCH = YES;
				COPY_PHASE_STRIP = NO;
				DEBUG_INFORMATION_FORMAT = dwarf;
				ENABLE_STRICT_OBJC_MSGSEND = YES;
				ENABLE_TESTABILITY = YES;
				GCC_C_LANGUAGE_STANDARD = gnu11;
				GCC_DYNAMIC_NO_PIC = NO;
				GCC_NO_COMMON_BLOCKS = YES;
				GCC_OPTIMIZATION_LEVEL = 0;
				GCC_PREPROCESSOR_DEFINITIONS = (
					"DEBUG=1",
					"$(inherited)",
				);
				GCC_WARN_64_TO_32_BIT_CONVERSION = YES;
				GCC_WARN_ABOUT_RETURN_TYPE = YES_ERROR;
				GCC_WARN_UNDECLARED_SELECTOR = YES;
				GCC_WARN_UNINITIALIZED_AUTOS = YES_AGGRESSIVE;
				GCC_WARN_UNUSED_FUNCTION = YES;
				GCC_WARN_UNUSED_VARIABLE = YES;
				IPHONEOS_DEPLOYMENT_TARGET = 15.4;
				MTL_ENABLE_DEBUG_INFO = INCLUDE_SOURCE;
				MTL_FAST_MATH = YES;
				ONLY_ACTIVE_ARCH = YES;
				SDKROOT = iphoneos;
				SWIFT_ACTIVE_COMPILATION_CONDITIONS = DEBUG;
				SWIFT_OPTIMIZATION_LEVEL = "-Onone";
			};
			name = Debug;
		};
		1FFF83E428639D8F00E2FCC5 /* Release */ = {
			isa = XCBuildConfiguration;
			buildSettings = {
				ALWAYS_SEARCH_USER_PATHS = NO;
				CLANG_ANALYZER_NONNULL = YES;
				CLANG_ANALYZER_NUMBER_OBJECT_CONVERSION = YES_AGGRESSIVE;
				CLANG_CXX_LANGUAGE_STANDARD = "gnu++17";
				CLANG_ENABLE_MODULES = YES;
				CLANG_ENABLE_OBJC_ARC = YES;
				CLANG_ENABLE_OBJC_WEAK = YES;
				CLANG_WARN_BLOCK_CAPTURE_AUTORELEASING = YES;
				CLANG_WARN_BOOL_CONVERSION = YES;
				CLANG_WARN_COMMA = YES;
				CLANG_WARN_CONSTANT_CONVERSION = YES;
				CLANG_WARN_DEPRECATED_OBJC_IMPLEMENTATIONS = YES;
				CLANG_WARN_DIRECT_OBJC_ISA_USAGE = YES_ERROR;
				CLANG_WARN_DOCUMENTATION_COMMENTS = YES;
				CLANG_WARN_EMPTY_BODY = YES;
				CLANG_WARN_ENUM_CONVERSION = YES;
				CLANG_WARN_INFINITE_RECURSION = YES;
				CLANG_WARN_INT_CONVERSION = YES;
				CLANG_WARN_NON_LITERAL_NULL_CONVERSION = YES;
				CLANG_WARN_OBJC_IMPLICIT_RETAIN_SELF = YES;
				CLANG_WARN_OBJC_LITERAL_CONVERSION = YES;
				CLANG_WARN_OBJC_ROOT_CLASS = YES_ERROR;
				CLANG_WARN_QUOTED_INCLUDE_IN_FRAMEWORK_HEADER = YES;
				CLANG_WARN_RANGE_LOOP_ANALYSIS = YES;
				CLANG_WARN_STRICT_PROTOTYPES = YES;
				CLANG_WARN_SUSPICIOUS_MOVE = YES;
				CLANG_WARN_UNGUARDED_AVAILABILITY = YES_AGGRESSIVE;
				CLANG_WARN_UNREACHABLE_CODE = YES;
				CLANG_WARN__DUPLICATE_METHOD_MATCH = YES;
				COPY_PHASE_STRIP = NO;
				DEBUG_INFORMATION_FORMAT = "dwarf-with-dsym";
				ENABLE_NS_ASSERTIONS = NO;
				ENABLE_STRICT_OBJC_MSGSEND = YES;
				GCC_C_LANGUAGE_STANDARD = gnu11;
				GCC_NO_COMMON_BLOCKS = YES;
				GCC_WARN_64_TO_32_BIT_CONVERSION = YES;
				GCC_WARN_ABOUT_RETURN_TYPE = YES_ERROR;
				GCC_WARN_UNDECLARED_SELECTOR = YES;
				GCC_WARN_UNINITIALIZED_AUTOS = YES_AGGRESSIVE;
				GCC_WARN_UNUSED_FUNCTION = YES;
				GCC_WARN_UNUSED_VARIABLE = YES;
				IPHONEOS_DEPLOYMENT_TARGET = 15.4;
				MTL_ENABLE_DEBUG_INFO = NO;
				MTL_FAST_MATH = YES;
				SDKROOT = iphoneos;
				SWIFT_COMPILATION_MODE = wholemodule;
				SWIFT_OPTIMIZATION_LEVEL = "-O";
				VALIDATE_PRODUCT = YES;
			};
			name = Release;
		};
		1FFF83E628639D8F00E2FCC5 /* Debug */ = {
			isa = XCBuildConfiguration;
			buildSettings = {
				ASSETCATALOG_COMPILER_APPICON_NAME = AppIcon;
				ASSETCATALOG_COMPILER_GLOBAL_ACCENT_COLOR_NAME = AccentColor;
				CODE_SIGN_STYLE = Automatic;
				CURRENT_PROJECT_VERSION = 1;
				DEVELOPMENT_TEAM = HSF4893TH5;
				GENERATE_INFOPLIST_FILE = YES;
				INFOPLIST_FILE = searchMovieProject/Info.plist;
				INFOPLIST_KEY_UIApplicationSupportsIndirectInputEvents = YES;
				INFOPLIST_KEY_UILaunchStoryboardName = LaunchScreen;
				INFOPLIST_KEY_UISupportedInterfaceOrientations = UIInterfaceOrientationPortrait;
				INFOPLIST_KEY_UISupportedInterfaceOrientations_iPad = "UIInterfaceOrientationPortrait UIInterfaceOrientationPortraitUpsideDown UIInterfaceOrientationLandscapeLeft UIInterfaceOrientationLandscapeRight";
				INFOPLIST_KEY_UISupportedInterfaceOrientations_iPhone = "UIInterfaceOrientationPortrait UIInterfaceOrientationLandscapeLeft UIInterfaceOrientationLandscapeRight";
				IPHONEOS_DEPLOYMENT_TARGET = 13.0;
				LD_RUNPATH_SEARCH_PATHS = (
					"$(inherited)",
					"@executable_path/Frameworks",
				);
				MARKETING_VERSION = 0.1.0;
				PRODUCT_BUNDLE_IDENTIFIER = com.akinaksoy.searchMovieProject;
				PRODUCT_NAME = "$(TARGET_NAME)";
				SWIFT_EMIT_LOC_STRINGS = YES;
				SWIFT_VERSION = 5.0;
				TARGETED_DEVICE_FAMILY = 1;
			};
			name = Debug;
		};
		1FFF83E728639D8F00E2FCC5 /* Release */ = {
			isa = XCBuildConfiguration;
			buildSettings = {
				ASSETCATALOG_COMPILER_APPICON_NAME = AppIcon;
				ASSETCATALOG_COMPILER_GLOBAL_ACCENT_COLOR_NAME = AccentColor;
				CODE_SIGN_STYLE = Automatic;
				CURRENT_PROJECT_VERSION = 1;
				DEVELOPMENT_TEAM = HSF4893TH5;
				GENERATE_INFOPLIST_FILE = YES;
				INFOPLIST_FILE = searchMovieProject/Info.plist;
				INFOPLIST_KEY_UIApplicationSupportsIndirectInputEvents = YES;
				INFOPLIST_KEY_UILaunchStoryboardName = LaunchScreen;
				INFOPLIST_KEY_UISupportedInterfaceOrientations = UIInterfaceOrientationPortrait;
				INFOPLIST_KEY_UISupportedInterfaceOrientations_iPad = "UIInterfaceOrientationPortrait UIInterfaceOrientationPortraitUpsideDown UIInterfaceOrientationLandscapeLeft UIInterfaceOrientationLandscapeRight";
				INFOPLIST_KEY_UISupportedInterfaceOrientations_iPhone = "UIInterfaceOrientationPortrait UIInterfaceOrientationLandscapeLeft UIInterfaceOrientationLandscapeRight";
				IPHONEOS_DEPLOYMENT_TARGET = 13.0;
				LD_RUNPATH_SEARCH_PATHS = (
					"$(inherited)",
					"@executable_path/Frameworks",
				);
				MARKETING_VERSION = 0.1.0;
				PRODUCT_BUNDLE_IDENTIFIER = com.akinaksoy.searchMovieProject;
				PRODUCT_NAME = "$(TARGET_NAME)";
				SWIFT_EMIT_LOC_STRINGS = YES;
				SWIFT_VERSION = 5.0;
				TARGETED_DEVICE_FAMILY = 1;
			};
			name = Release;
		};
/* End XCBuildConfiguration section */

/* Begin XCConfigurationList section */
		1FFF83C928639D8D00E2FCC5 /* Build configuration list for PBXProject "searchMovieProject" */ = {
			isa = XCConfigurationList;
			buildConfigurations = (
				1FFF83E328639D8F00E2FCC5 /* Debug */,
				1FFF83E428639D8F00E2FCC5 /* Release */,
			);
			defaultConfigurationIsVisible = 0;
			defaultConfigurationName = Release;
		};
		1FFF83E528639D8F00E2FCC5 /* Build configuration list for PBXNativeTarget "searchMovieProject" */ = {
			isa = XCConfigurationList;
			buildConfigurations = (
				1FFF83E628639D8F00E2FCC5 /* Debug */,
				1FFF83E728639D8F00E2FCC5 /* Release */,
			);
			defaultConfigurationIsVisible = 0;
			defaultConfigurationName = Release;
		};
/* End XCConfigurationList section */

/* Begin XCRemoteSwiftPackageReference section */
		1F6724C428666AB800362A35 /* XCRemoteSwiftPackageReference "Hero" */ = {
			isa = XCRemoteSwiftPackageReference;
			repositoryURL = "https://github.com/HeroTransitions/Hero.git";
			requirement = {
				kind = upToNextMajorVersion;
				minimumVersion = 1.0.0;
			};
		};
		1FFF83EE2863A26D00E2FCC5 /* XCRemoteSwiftPackageReference "SnapKit" */ = {
			isa = XCRemoteSwiftPackageReference;
			repositoryURL = "https://github.com/SnapKit/SnapKit.git";
			requirement = {
				branch = develop;
				kind = branch;
			};
		};
		1FFF83F12863A29600E2FCC5 /* XCRemoteSwiftPackageReference "Alamofire" */ = {
			isa = XCRemoteSwiftPackageReference;
			repositoryURL = "https://github.com/Alamofire/Alamofire.git";
			requirement = {
				kind = upToNextMajorVersion;
				minimumVersion = 5.0.0;
			};
		};
		1FFF83F42863A2CC00E2FCC5 /* XCRemoteSwiftPackageReference "Kingfisher" */ = {
			isa = XCRemoteSwiftPackageReference;
			repositoryURL = "https://github.com/onevcat/Kingfisher.git";
			requirement = {
				kind = upToNextMajorVersion;
				minimumVersion = 7.0.0;
			};
		};
/* End XCRemoteSwiftPackageReference section */

/* Begin XCSwiftPackageProductDependency section */
		1F6724C528666AB800362A35 /* Hero */ = {
			isa = XCSwiftPackageProductDependency;
			package = 1F6724C428666AB800362A35 /* XCRemoteSwiftPackageReference "Hero" */;
			productName = Hero;
		};
		1FFF83EF2863A26D00E2FCC5 /* SnapKit */ = {
			isa = XCSwiftPackageProductDependency;
			package = 1FFF83EE2863A26D00E2FCC5 /* XCRemoteSwiftPackageReference "SnapKit" */;
			productName = SnapKit;
		};
		1FFF83F22863A29600E2FCC5 /* Alamofire */ = {
			isa = XCSwiftPackageProductDependency;
			package = 1FFF83F12863A29600E2FCC5 /* XCRemoteSwiftPackageReference "Alamofire" */;
			productName = Alamofire;
		};
		1FFF83F52863A2CC00E2FCC5 /* Kingfisher */ = {
			isa = XCSwiftPackageProductDependency;
			package = 1FFF83F42863A2CC00E2FCC5 /* XCRemoteSwiftPackageReference "Kingfisher" */;
			productName = Kingfisher;
		};
/* End XCSwiftPackageProductDependency section */

/* Begin XCVersionGroup section */
		1FFF83DA28639D8D00E2FCC5 /* searchMovieProject.xcdatamodeld */ = {
			isa = XCVersionGroup;
			children = (
				1FFF83DB28639D8D00E2FCC5 /* searchMovieProject.xcdatamodel */,
			);
			currentVersion = 1FFF83DB28639D8D00E2FCC5 /* searchMovieProject.xcdatamodel */;
			path = searchMovieProject.xcdatamodeld;
			sourceTree = "<group>";
			versionGroupType = wrapper.xcdatamodel;
		};
/* End XCVersionGroup section */
	};
	rootObject = 1FFF83C628639D8D00E2FCC5 /* Project object */;
}
